
Microsoft Visual Studio Solution File, Format Version 12.00
# Visual Studio Version 17
VisualStudioVersion = 17.4.33110.190
MinimumVisualStudioVersion = 10.0.40219.1
Project("{FAE04EC0-301F-11D3-BF4B-00C04F79EFBC}") = "Desktop_WPF_App", "Desktop_WPF_App.csproj", "{99CFCF6D-757D-450C-A558-AC978B105F41}"
EndProject
Global
	GlobalSection(SolutionConfigurationPlatforms) = preSolution
		Debug|Any CPU = Debug|Any CPU
		Release|Any CPU = Release|Any CPU
	EndGlobalSection
	GlobalSection(ProjectConfigurationPlatforms) = postSolution
		{99CFCF6D-757D-450C-A558-AC978B105F41}.Debug|Any CPU.ActiveCfg = Debug|Any CPU
		{99CFCF6D-757D-450C-A558-AC978B105F41}.Debug|Any CPU.Build.0 = Debug|Any CPU
		{99CFCF6D-757D-450C-A558-AC978B105F41}.Release|Any CPU.ActiveCfg = Release|Any CPU
		{99CFCF6D-757D-450C-A558-AC978B105F41}.Release|Any CPU.Build.0 = Release|Any CPU
	EndGlobalSection
	GlobalSection(SolutionProperties) = preSolution
		HideSolutionNode = FALSE
	EndGlobalSection
	GlobalSection(ExtensibilityGlobals) = postSolution
		SolutionGuid = {49026B2E-5491-4D18-8488-F9ABCBB3464F}
	EndGlobalSection
EndGlobal
